<?xml version="1.0" encoding="utf-8"?>
<Project ToolsVersion="4.0" xmlns="http://schemas.microsoft.com/developer/msbuild/2003">
  <ItemGroup>
    <Filter Include="ソース ファイル">
      <UniqueIdentifier>{4FC737F1-C7A5-4376-A066-2A32D752A2FF}</UniqueIdentifier>
      <Extensions>cpp;c;cc;cxx;c++;cppm;ixx;def;odl;idl;hpj;bat;asm;asmx</Extensions>
    </Filter>
    <Filter Include="ヘッダー ファイル">
      <UniqueIdentifier>{93995380-89BD-4b04-88EB-625FBE52EBFB}</UniqueIdentifier>
      <Extensions>h;hh;hpp;hxx;h++;hm;inl;inc;ipp;xsd</Extensions>
    </Filter>
    <Filter Include="リソース ファイル">
      <UniqueIdentifier>{67DA6AB6-F800-4c08-8B7A-83BB121AAD01}</UniqueIdentifier>
      <Extensions>rc;ico;cur;bmp;dlg;rc2;rct;bin;rgs;gif;jpg;jpeg;jpe;resx;tiff;tif;png;wav;mfcribbon-ms</Extensions>
    </Filter>
    <Filter Include="Engine">
      <UniqueIdentifier>{521d2e93-97a0-43c3-ba96-75f226b690a0}</UniqueIdentifier>
    </Filter>
    <Filter Include="Engine\Base">
      <UniqueIdentifier>{6fc17274-b719-44d8-b216-183b62662b65}</UniqueIdentifier>
    </Filter>
    <Filter Include="Engine\Base\Pipeline">
      <UniqueIdentifier>{89934d87-8bc8-47af-83e5-3e8d9ae60371}</UniqueIdentifier>
    </Filter>
    <Filter Include="Engine\Base\Scene">
      <UniqueIdentifier>{02e53534-aff6-40d9-afb7-e0c7fbe2b6dc}</UniqueIdentifier>
    </Filter>
    <Filter Include="Engine\Base\Scene\Scene">
      <UniqueIdentifier>{169d0d67-856e-4805-b382-f887e2a019cf}</UniqueIdentifier>
    </Filter>
    <Filter Include="Engine\Base\Scene\Transition">
      <UniqueIdentifier>{766ced8c-91a2-411f-8162-71e882cddebd}</UniqueIdentifier>
    </Filter>
    <Filter Include="Engine\GameUtil">
      <UniqueIdentifier>{b7e1ea2a-a1ae-47a4-8e59-6798e60a7a6a}</UniqueIdentifier>
    </Filter>
    <Filter Include="Engine\GameUtil\Camera">
      <UniqueIdentifier>{2efd8218-5be8-4f58-a619-d3d296efd583}</UniqueIdentifier>
    </Filter>
    <Filter Include="Engine\GameUtil\MapChip">
      <UniqueIdentifier>{18d033b2-cb29-495e-ae8b-c1bf43090687}</UniqueIdentifier>
    </Filter>
    <Filter Include="Engine\GameUtil\Object">
      <UniqueIdentifier>{5b49a32d-655f-4aff-bad9-1d276da48a06}</UniqueIdentifier>
    </Filter>
    <Filter Include="Engine\GameUtil\Object\Sprite2D">
      <UniqueIdentifier>{6309ffa5-f8a7-4326-9a6f-ea113275b030}</UniqueIdentifier>
    </Filter>
    <Filter Include="Engine\GameUtil\Object\Sprite3D">
      <UniqueIdentifier>{15c54766-27c2-46a3-a4b7-5cc62ba23541}</UniqueIdentifier>
    </Filter>
    <Filter Include="Engine\GameUtil\Object\Model">
      <UniqueIdentifier>{03f42933-aa46-467b-a0f7-90d19eff6fb2}</UniqueIdentifier>
    </Filter>
    <Filter Include="Engine\GameUtil\Shader">
      <UniqueIdentifier>{d74e1238-5f57-4c80-9919-fe324f5700dc}</UniqueIdentifier>
    </Filter>
    <Filter Include="Engine\GameUtil\Shader\Sprite3D">
      <UniqueIdentifier>{d1facb02-afc7-4b91-8343-caed95c30ca0}</UniqueIdentifier>
    </Filter>
    <Filter Include="Engine\GameUtil\Shader\Sprite2D">
      <UniqueIdentifier>{25218c47-c4bd-44d2-8b4e-61ff426268da}</UniqueIdentifier>
    </Filter>
    <Filter Include="Engine\GameUtil\Shader\Model">
      <UniqueIdentifier>{2948526d-2d37-441e-a520-769e91dc00ab}</UniqueIdentifier>
    </Filter>
    <Filter Include="Engine\Util">
      <UniqueIdentifier>{e000b535-5e4e-4e45-8e58-9647219b4024}</UniqueIdentifier>
    </Filter>
    <Filter Include="Engine\Util\Math">
      <UniqueIdentifier>{43e0847a-18d1-411d-9863-494272266e3d}</UniqueIdentifier>
    </Filter>
    <Filter Include="Engine\Util\Math\Transform">
      <UniqueIdentifier>{a53b9a2f-da72-4c75-a374-4ff74809d9ad}</UniqueIdentifier>
    </Filter>
    <Filter Include="Engine\Util\Math\Lerp">
      <UniqueIdentifier>{f0d15b5d-48fe-4c37-a5f1-f26e36225ba6}</UniqueIdentifier>
    </Filter>
    <Filter Include="Engine\Util\Input">
      <UniqueIdentifier>{0bbdaf41-ecc7-489c-9bbc-501104d2c980}</UniqueIdentifier>
    </Filter>
    <Filter Include="Application">
      <UniqueIdentifier>{92c9eee6-dd9e-4330-85f9-5f7abf191983}</UniqueIdentifier>
    </Filter>
    <Filter Include="Application\Scene">
      <UniqueIdentifier>{56f1def0-416e-47a5-b6db-c489d6b9ec09}</UniqueIdentifier>
    </Filter>
    <Filter Include="Application\Transition">
      <UniqueIdentifier>{0c2cfd96-bab2-4c1d-9711-4e70706ef3fa}</UniqueIdentifier>
    </Filter>
    <Filter Include="Application\Draw">
      <UniqueIdentifier>{8e740d28-a916-405c-ae72-40cd8fc7ce13}</UniqueIdentifier>
    </Filter>
    <Filter Include="Application\Draw\Actor">
      <UniqueIdentifier>{b51d8279-eace-408e-9cac-424fbc6b1cab}</UniqueIdentifier>
    </Filter>
    <Filter Include="Application\Draw\Particle">
      <UniqueIdentifier>{bb4dabc7-ee27-47c5-b886-28303885caef}</UniqueIdentifier>
    </Filter>
    <Filter Include="Application\Draw\Particle\Base">
      <UniqueIdentifier>{707309e3-aa4b-4239-aed9-163d1c534feb}</UniqueIdentifier>
    </Filter>
    <Filter Include="Application\Draw\Drawer">
      <UniqueIdentifier>{b4d5dfe1-b159-4153-a64e-6394fce54446}</UniqueIdentifier>
    </Filter>
    <Filter Include="Engine\Util\DebugText">
      <UniqueIdentifier>{d17d5504-a51c-4494-83e9-8e8fbb6621aa}</UniqueIdentifier>
    </Filter>
    <Filter Include="Engine\GameUtil\Object\PostEffect">
      <UniqueIdentifier>{75758752-3e56-4f67-ab35-0c4a6cacdaeb}</UniqueIdentifier>
    </Filter>
    <Filter Include="Engine\GameUtil\Shader\PostEffect">
      <UniqueIdentifier>{a82cfae2-fc24-4686-872d-8bfd9d9eafb6}</UniqueIdentifier>
    </Filter>
    <Filter Include="Engine\GameUtil\Object\CB">
      <UniqueIdentifier>{287384b7-4132-48a0-9c3d-1484b963bd21}</UniqueIdentifier>
    </Filter>
    <Filter Include="Engine\GameUtil\Object\CB\Light">
      <UniqueIdentifier>{156675cc-1163-4432-9d0a-c044b2e202ee}</UniqueIdentifier>
    </Filter>
    <Filter Include="Engine\GameUtil\Collision">
      <UniqueIdentifier>{1ae737d4-21ca-4d56-b945-6c0b5710617f}</UniqueIdentifier>
    </Filter>
    <Filter Include="Game">
      <UniqueIdentifier>{8b6d4170-383e-465f-bef1-6194a56977d3}</UniqueIdentifier>
    </Filter>
    <Filter Include="Game\Object">
      <UniqueIdentifier>{e8b1375d-d64a-4c6b-bd77-cb2d5d67618e}</UniqueIdentifier>
    </Filter>
    <Filter Include="Game\Collider">
      <UniqueIdentifier>{d3ad97c5-cb94-4a07-b20a-30e2917f2dba}</UniqueIdentifier>
    </Filter>
    <Filter Include="Game\Drawer">
      <UniqueIdentifier>{c55c29f3-d4d7-427b-9120-f5d49150b98d}</UniqueIdentifier>
    </Filter>
    <Filter Include="Game\Drawer\Obj">
      <UniqueIdentifier>{64150aae-31e8-4a6c-b465-e330b15e3fbc}</UniqueIdentifier>
    </Filter>
    <Filter Include="Game\Drawer\Obj\Base">
      <UniqueIdentifier>{67c39d7e-cd3d-46ce-a9a0-34dfb533a221}</UniqueIdentifier>
    </Filter>
    <Filter Include="Game\Drawer\Obj\Ex">
      <UniqueIdentifier>{4815b232-15e3-4bfa-ab70-7f3fbabbb997}</UniqueIdentifier>
    </Filter>
    <Filter Include="Game\Drawer\Scene">
      <UniqueIdentifier>{6c87fccd-9e73-4d8f-98b1-f18e04224a99}</UniqueIdentifier>
    </Filter>
    <Filter Include="Game\Drawer\UI">
      <UniqueIdentifier>{5763683f-f3c1-46f0-8183-9a71a100d6a7}</UniqueIdentifier>
    </Filter>
    <Filter Include="Game\Object\Base">
      <UniqueIdentifier>{fd4cc771-a870-445d-988f-e0d859bba509}</UniqueIdentifier>
    </Filter>
    <Filter Include="game">
      <UniqueIdentifier>{f55c61c6-6faa-47c5-aa7f-38a2dc214b25}</UniqueIdentifier>
    </Filter>
  </ItemGroup>
  <ItemGroup>
    <ClCompile Include="main.cpp">
      <Filter>ソース ファイル</Filter>
    </ClCompile>
    <ClCompile Include="Engine\Base\DX\ScreenDesc.cpp">
      <Filter>Engine\Base</Filter>
    </ClCompile>
    <ClCompile Include="Engine\Base\DX\YAssert.cpp">
      <Filter>Engine\Base</Filter>
    </ClCompile>
    <ClCompile Include="Engine\Base\DX\YDirectX.cpp">
      <Filter>Engine\Base</Filter>
    </ClCompile>
    <ClCompile Include="Engine\Base\YWindowsApp.cpp">
      <Filter>Engine\Base</Filter>
    </ClCompile>
    <ClCompile Include="Engine\Base\DX\ConstBuffer.cpp">
      <Filter>Engine\Base\Pipeline</Filter>
    </ClCompile>
    <ClCompile Include="Engine\Base\DX\GPUResource.cpp">
      <Filter>Engine\Base\Pipeline</Filter>
    </ClCompile>
    <ClCompile Include="Engine\Base\DX\PipelineSet.cpp">
      <Filter>Engine\Base\Pipeline</Filter>
    </ClCompile>
    <ClCompile Include="Engine\Base\DX\Vertices.cpp">
      <Filter>Engine\Base\Pipeline</Filter>
    </ClCompile>
    <ClCompile Include="Engine\Base\DX\DescriptorHeap.cpp">
      <Filter>Engine\Base\Pipeline</Filter>
    </ClCompile>
    <ClCompile Include="Engine\GameUtillity\Camera\Camera.cpp">
      <Filter>Engine\GameUtil\Camera</Filter>
    </ClCompile>
    <ClCompile Include="Engine\GameUtillity\Collision\CollisionManager.cpp">
      <Filter>Engine\GameUtil\Collision</Filter>
    </ClCompile>
    <ClCompile Include="Engine\GameUtillity\MapChip\MapChip.cpp">
      <Filter>Engine\GameUtil\MapChip</Filter>
    </ClCompile>
    <ClCompile Include="Engine\GameUtillity\MapChip\MapChipCollider.cpp">
      <Filter>Engine\GameUtil\MapChip</Filter>
    </ClCompile>
    <ClCompile Include="Engine\GameUtillity\MapChip\MapChipManager.cpp">
      <Filter>Engine\GameUtil\MapChip</Filter>
    </ClCompile>
    <ClCompile Include="Application\Draw\Actor\DeadActor.cpp">
      <Filter>Application\Draw\Actor</Filter>
    </ClCompile>
    <ClCompile Include="Application\Draw\Actor\SlimeActor.cpp">
      <Filter>Application\Draw\Actor</Filter>
    </ClCompile>
    <ClCompile Include="Engine\Utillity\Input\InputManager.cpp">
      <Filter>Engine\Util\Input</Filter>
    </ClCompile>
    <ClCompile Include="Engine\Utillity\Input\Keys.cpp">
      <Filter>Engine\Util\Input</Filter>
    </ClCompile>
    <ClCompile Include="Engine\Utillity\Input\Mouse.cpp">
      <Filter>Engine\Util\Input</Filter>
    </ClCompile>
    <ClCompile Include="Engine\Utillity\Input\Pad.cpp">
      <Filter>Engine\Util\Input</Filter>
    </ClCompile>
    <ClCompile Include="Engine\Utillity\FileUtillity.cpp">
      <Filter>Engine\Util</Filter>
    </ClCompile>
    <ClCompile Include="Engine\Utillity\Math\CalcTransform.cpp">
      <Filter>Engine\Util\Math\Transform</Filter>
    </ClCompile>
    <ClCompile Include="Engine\Utillity\Math\Matrix4.cpp">
      <Filter>Engine\Util\Math\Transform</Filter>
    </ClCompile>
    <ClCompile Include="Engine\Utillity\Math\Vector2.cpp">
      <Filter>Engine\Util\Math\Transform</Filter>
    </ClCompile>
    <ClCompile Include="Engine\Utillity\Math\Vector3.cpp">
      <Filter>Engine\Util\Math\Transform</Filter>
    </ClCompile>
    <ClCompile Include="Engine\Utillity\Math\Vector4.cpp">
      <Filter>Engine\Util\Math\Transform</Filter>
    </ClCompile>
    <ClCompile Include="Engine\Utillity\Math\MathUtillity.cpp">
      <Filter>Engine\Util\Math</Filter>
    </ClCompile>
    <ClCompile Include="Engine\Utillity\Math\Shake.cpp">
      <Filter>Engine\Util\Math</Filter>
    </ClCompile>
    <ClCompile Include="Engine\Base\YFramework.cpp">
      <Filter>Engine\Base</Filter>
    </ClCompile>
    <ClCompile Include="Engine\Utillity\Math\Lerp.cpp">
      <Filter>Engine\Util\Math\Lerp</Filter>
    </ClCompile>
    <ClCompile Include="Engine\Utillity\Math\Power.cpp">
      <Filter>Engine\Util\Math\Lerp</Filter>
    </ClCompile>
    <ClCompile Include="Engine\Utillity\Math\Timer.cpp">
      <Filter>Engine\Util\Math\Lerp</Filter>
    </ClCompile>
    <ClCompile Include="Engine\Utillity\Math\CollisionDetection.cpp">
      <Filter>Engine\Util\Math</Filter>
    </ClCompile>
    <ClCompile Include="Engine\GameUtillity\Collision\CollisionPrimitive.cpp">
      <Filter>Engine\GameUtil\Collision</Filter>
    </ClCompile>
    <ClCompile Include="Engine\GameUtillity\Collision\BaseCollider.cpp">
      <Filter>Engine\GameUtil\Collision</Filter>
    </ClCompile>
    <ClCompile Include="Engine\GameUtillity\Collision\PrimitiveCollider.cpp">
      <Filter>Engine\GameUtil\Collision</Filter>
    </ClCompile>
    <ClCompile Include="Engine\GameUtillity\WorldRuler.cpp">
      <Filter>Engine\GameUtil</Filter>
    </ClCompile>
    <ClCompile Include="Engine\Utillity\Math\Speed.cpp">
      <Filter>Engine\Util\Math</Filter>
    </ClCompile>
    <ClCompile Include="Engine\GameUtillity\Camera\ViewProjection.cpp">
      <Filter>Engine\GameUtil\Camera</Filter>
    </ClCompile>
    <ClCompile Include="MyGame.cpp">
      <Filter>ソース ファイル</Filter>
    </ClCompile>
    <ClCompile Include="Game\Drawer\IDrawer.cpp">
      <Filter>Game\Drawer\Obj\Base</Filter>
    </ClCompile>
    <ClCompile Include="Game\Drawer\GoalDrawer.cpp">
      <Filter>Game\Drawer\Obj</Filter>
    </ClCompile>
    <ClCompile Include="Game\Drawer\PlayerDrawer.cpp">
      <Filter>Game\Drawer\Obj</Filter>
    </ClCompile>
    <ClCompile Include="Game\Drawer\HUDDrawer.cpp">
      <Filter>Game\Drawer\UI</Filter>
    </ClCompile>
    <ClCompile Include="Game\Drawer\InputDrawer.cpp">
      <Filter>Game\Drawer\UI</Filter>
    </ClCompile>
    <ClCompile Include="Game\Drawer\PauseDrawer.cpp">
      <Filter>Game\Drawer\UI</Filter>
    </ClCompile>
    <ClCompile Include="Engine\GameUtillity\Object\Transform.cpp">
      <Filter>Engine\GameUtil\Object</Filter>
    </ClCompile>
    <ClCompile Include="Engine\GameUtillity\Object\Model.cpp">
      <Filter>Engine\GameUtil\Object\Model</Filter>
    </ClCompile>
    <ClCompile Include="Engine\GameUtillity\Object\Sprite2D.cpp">
      <Filter>Engine\GameUtil\Object\Sprite2D</Filter>
    </ClCompile>
    <ClCompile Include="Engine\GameUtillity\Object\Sprite3D.cpp">
      <Filter>Engine\GameUtil\Object\Sprite3D</Filter>
    </ClCompile>
    <ClCompile Include="Engine\GameUtillity\Camera\ScrollCamera.cpp">
      <Filter>Engine\GameUtil\Camera</Filter>
    </ClCompile>
    <ClCompile Include="Engine\GameUtillity\Object\Mesh.cpp">
      <Filter>Engine\GameUtil\Object\Model</Filter>
    </ClCompile>
    <ClCompile Include="Engine\Base\DX\IShaderSet.cpp">
      <Filter>Engine\Base\Pipeline</Filter>
    </ClCompile>
    <ClCompile Include="Game\Drawer\TitleDrawer.cpp">
      <Filter>Game\Drawer\Scene</Filter>
    </ClCompile>
    <ClCompile Include="Game\Drawer\SelectDrawer.cpp">
      <Filter>Game\Drawer\Scene</Filter>
    </ClCompile>
    <ClCompile Include="Application\Scene\DemoScene.cpp">
      <Filter>Application\Scene</Filter>
    </ClCompile>
    <ClCompile Include="Application\Scene\PlayScene.cpp">
      <Filter>Application\Scene</Filter>
    </ClCompile>
    <ClCompile Include="Application\Scene\SelectScene.cpp">
      <Filter>Application\Scene</Filter>
    </ClCompile>
    <ClCompile Include="Application\Scene\TestScene.cpp">
      <Filter>Application\Scene</Filter>
    </ClCompile>
    <ClCompile Include="Application\Scene\TitleScene.cpp">
      <Filter>Application\Scene</Filter>
    </ClCompile>
    <ClCompile Include="Application\Scene\YGameSceneFactory.cpp">
      <Filter>Application\Scene</Filter>
    </ClCompile>
    <ClCompile Include="Engine\Base\Scene\BaseScene.cpp">
      <Filter>Engine\Base\Scene\Scene</Filter>
    </ClCompile>
    <ClCompile Include="Engine\Base\Scene\SceneManager.cpp">
      <Filter>Engine\Base\Scene\Scene</Filter>
    </ClCompile>
    <ClCompile Include="Engine\Base\Scene\TransitionManager.cpp">
      <Filter>Engine\Base\Scene\Transition</Filter>
    </ClCompile>
    <ClCompile Include="Engine\Base\Scene\BaseTransition.cpp">
      <Filter>Engine\Base\Scene\Transition</Filter>
    </ClCompile>
    <ClCompile Include="Engine\Base\Scene\SceneExecutive.cpp">
      <Filter>Engine\Base\Scene</Filter>
    </ClCompile>
    <ClCompile Include="Application\Transition\Blackout.cpp">
      <Filter>Application\Transition</Filter>
    </ClCompile>
    <ClCompile Include="Application\Transition\InfectionBlocks.cpp">
      <Filter>Application\Transition</Filter>
    </ClCompile>
    <ClCompile Include="Application\Transition\YGameTransitionFactory.cpp">
      <Filter>Application\Transition</Filter>
    </ClCompile>
    <ClCompile Include="Game\Drawer\TowerDrawer.cpp">
      <Filter>Game\Drawer\Obj\Ex</Filter>
    </ClCompile>
    <ClCompile Include="Game\Drawer\StageDrawer.cpp">
      <Filter>Game\Drawer\Obj\Ex</Filter>
    </ClCompile>
    <ClCompile Include="Game\Drawer\CoreColor.cpp">
      <Filter>Game\Drawer\Obj\Ex</Filter>
    </ClCompile>
    <ClCompile Include="Game\Drawer\CardDrawer.cpp">
      <Filter>Game\Drawer\Obj\Ex</Filter>
    </ClCompile>
    <ClCompile Include="Game\Drawer\BackgroundDrawer.cpp">
      <Filter>Game\Drawer\Obj\Ex</Filter>
    </ClCompile>
    <ClCompile Include="Application\Draw\Particle\IParticle.cpp">
      <Filter>Application\Draw\Particle\Base</Filter>
    </ClCompile>
    <ClCompile Include="Application\Draw\Particle\ParticleManager.cpp">
      <Filter>Application\Draw\Particle\Base</Filter>
    </ClCompile>
    <ClCompile Include="Application\Draw\Particle\Bubble.cpp">
      <Filter>Application\Draw\Particle</Filter>
    </ClCompile>
    <ClCompile Include="Application\Draw\Particle\RelayBug.cpp">
      <Filter>Application\Draw\Particle</Filter>
    </ClCompile>
    <ClCompile Include="Application\Draw\Particle\Smoke.cpp">
      <Filter>Application\Draw\Particle</Filter>
    </ClCompile>
    <ClCompile Include="Game\Drawer\BlockDrawer.cpp">
      <Filter>Game\Drawer\Obj</Filter>
    </ClCompile>
    <ClCompile Include="Engine\Utillity\DebugText\ImGuiManager.cpp">
      <Filter>Engine\Util\DebugText</Filter>
    </ClCompile>
    <ClCompile Include="Engine\GameUtillity\Object\PostEffect.cpp">
      <Filter>Engine\GameUtil\Object\PostEffect</Filter>
    </ClCompile>
    <ClCompile Include="Engine\GameUtillity\Audio.cpp">
      <Filter>Engine\GameUtil</Filter>
    </ClCompile>
    <ClCompile Include="Engine\GameUtillity\Texture.cpp">
      <Filter>Engine\GameUtil</Filter>
    </ClCompile>
    <ClCompile Include="Engine\GameUtillity\Object\CBTexConfig.cpp">
      <Filter>Engine\GameUtil\Object\CB</Filter>
    </ClCompile>
    <ClCompile Include="Engine\GameUtillity\Object\CBColor.cpp">
      <Filter>Engine\GameUtil\Object\CB</Filter>
    </ClCompile>
    <ClCompile Include="Engine\GameUtillity\Object\CBMaterial.cpp">
      <Filter>Engine\GameUtil\Object\CB</Filter>
    </ClCompile>
    <ClCompile Include="Engine\GameUtillity\Object\Light\CBDirectionalLight.cpp">
      <Filter>Engine\GameUtil\Object\CB\Light</Filter>
    </ClCompile>
    <ClCompile Include="Engine\GameUtillity\Object\Light\CBPointLight.cpp">
      <Filter>Engine\GameUtil\Object\CB\Light</Filter>
    </ClCompile>
    <ClCompile Include="Engine\GameUtillity\Object\Light\CBSpotLight.cpp">
      <Filter>Engine\GameUtil\Object\CB\Light</Filter>
    </ClCompile>
    <ClCompile Include="Engine\GameUtillity\Object\Light\CBLightGroup.cpp">
      <Filter>Engine\GameUtil\Object\CB</Filter>
    </ClCompile>
    <ClCompile Include="Game\Drawer\JunctionDrawer.cpp">
      <Filter>Game\Drawer\Obj</Filter>
    </ClCompile>
    <ClCompile Include="Game\Drawer\SpringDrawer.cpp">
      <Filter>Game\Drawer\Obj</Filter>
    </ClCompile>
    <ClCompile Include="Game\Drawer\GateDrawer.cpp">
      <Filter>Game\Drawer\Obj\Ex</Filter>
    </ClCompile>
    <ClCompile Include="Game\Drawer\KeyDrawer.cpp">
      <Filter>Game\Drawer\Obj</Filter>
    </ClCompile>
    <ClCompile Include="Game\Drawer\PlatformDrawer.cpp">
      <Filter>Game\Drawer\Obj</Filter>
    </ClCompile>
    <ClCompile Include="Game\Drawer\LaserDrawer.cpp">
      <Filter>Game\Drawer\Obj</Filter>
    </ClCompile>
    <ClCompile Include="Game\Drawer\SwitchDrawer.cpp">
      <Filter>Game\Drawer\Obj</Filter>
    </ClCompile>
    <ClCompile Include="DemoGoal.cpp">
      <Filter>Game</Filter>
    </ClCompile>
    <ClCompile Include="DemoPlayer.cpp">
      <Filter>Game</Filter>
    </ClCompile>
    <ClCompile Include="Game\Object\Block.cpp">
      <Filter>Game\Object</Filter>
    </ClCompile>
    <ClCompile Include="Game\Object\Player.cpp">
      <Filter>Game\Object</Filter>
    </ClCompile>
    <ClCompile Include="Game\MouseCollider.cpp">
      <Filter>Game\Collider</Filter>
    </ClCompile>
    <ClCompile Include="Game\Object\Key.cpp">
      <Filter>Game\Object</Filter>
    </ClCompile>
    <ClCompile Include="Game\Object\Spring.cpp">
      <Filter>Game\Object</Filter>
    </ClCompile>
    <ClCompile Include="Game\Object\Laser.cpp">
      <Filter>Game\Object</Filter>
    </ClCompile>
    <ClCompile Include="Game\Object\Switch.cpp">
      <Filter>Game\Object</Filter>
    </ClCompile>
    <ClCompile Include="Game\Object\Platform.cpp">
      <Filter>Game\Object</Filter>
    </ClCompile>
    <ClCompile Include="Game\Drawer\DrawerHelper.cpp">
      <Filter>Game\Drawer</Filter>
    </ClCompile>
    <ClCompile Include="Game\Drawer\SkydomeDrawer.cpp">
      <Filter>Game\Drawer\Obj</Filter>
    </ClCompile>
    <ClCompile Include="Application\Draw\Drawer\LetterBoxDrawer.cpp">
      <Filter>Application\Draw\Drawer</Filter>
    </ClCompile>
    <ClCompile Include="Application\Draw\Drawer\UIButtonDrawer.cpp">
      <Filter>Application\Draw\Drawer</Filter>
	</ClCompile>
    <ClCompile Include="YukiMapchipCollider.cpp">
      <Filter>game</Filter>
    </ClCompile>
    <ClCompile Include="Stage.cpp">
      <Filter>game</Filter>
    </ClCompile>
    <ClCompile Include="Sign.cpp">
      <Filter>game</Filter>
    </ClCompile>
    <ClCompile Include="Application\Draw\Drawer\JunctionDrawer.cpp">
      <Filter>Application\Draw\Drawer\Obj</Filter>
    </ClCompile>
    <ClCompile Include="Game\StageConfig.cpp">
      <Filter>Game</Filter>
    </ClCompile>
    <ClCompile Include="Game\ObjectCollider.cpp">
      <Filter>Game\Collider</Filter>
    </ClCompile>
    <ClCompile Include="Game\ObjectCollisionManager.cpp">
      <Filter>Game\Collider</Filter>
    </ClCompile>
    <ClCompile Include="Game\Object\Goal.cpp">
      <Filter>Game\Object</Filter>
    </ClCompile>
    <ClCompile Include="Game\Object\IObject.cpp">
      <Filter>Game\Object\Base</Filter>
    </ClCompile>
    <ClCompile Include="Game\Object\ObjectManager.cpp">
      <Filter>Game\Object\Base</Filter>
    </ClCompile>
    <ClCompile Include="TestPlayer.cpp">
      <Filter>game</Filter>
    </ClCompile>
  </ItemGroup>
  <ItemGroup>
    <ClInclude Include="Def.h">
      <Filter>ヘッダー ファイル</Filter>
    </ClInclude>
    <ClInclude Include="Engine\Base\DX\ScreenDesc.h">
      <Filter>Engine\Base</Filter>
    </ClInclude>
    <ClInclude Include="Engine\Base\DX\YAssert.h">
      <Filter>Engine\Base</Filter>
    </ClInclude>
    <ClInclude Include="Engine\Base\DX\YDirectX.h">
      <Filter>Engine\Base</Filter>
    </ClInclude>
    <ClInclude Include="Engine\Base\YWindowsApp.h">
      <Filter>Engine\Base</Filter>
    </ClInclude>
    <ClInclude Include="Engine\Base\DX\ConstBuffer.h">
      <Filter>Engine\Base\Pipeline</Filter>
    </ClInclude>
    <ClInclude Include="Engine\Base\DX\GPUResource.h">
      <Filter>Engine\Base\Pipeline</Filter>
    </ClInclude>
    <ClInclude Include="Engine\Base\DX\PipelineSet.h">
      <Filter>Engine\Base\Pipeline</Filter>
    </ClInclude>
    <ClInclude Include="Engine\Base\DX\Vertices.h">
      <Filter>Engine\Base\Pipeline</Filter>
    </ClInclude>
    <ClInclude Include="Engine\Base\DX\DescriptorHeap.h">
      <Filter>Engine\Base\Pipeline</Filter>
    </ClInclude>
    <ClInclude Include="Engine\GameUtillity\Camera\Camera.h">
      <Filter>Engine\GameUtil\Camera</Filter>
    </ClInclude>
    <ClInclude Include="Engine\GameUtillity\Collision\CollisionConfig.h">
      <Filter>Engine\GameUtil\Collision</Filter>
    </ClInclude>
    <ClInclude Include="Engine\GameUtillity\Collision\CollisionManager.h">
      <Filter>Engine\GameUtil\Collision</Filter>
    </ClInclude>
    <ClInclude Include="Engine\GameUtillity\MapChip\MapChip.h">
      <Filter>Engine\GameUtil\MapChip</Filter>
    </ClInclude>
    <ClInclude Include="Engine\GameUtillity\MapChip\MapChipCollider.h">
      <Filter>Engine\GameUtil\MapChip</Filter>
    </ClInclude>
    <ClInclude Include="Engine\GameUtillity\MapChip\MapChipManager.h">
      <Filter>Engine\GameUtil\MapChip</Filter>
    </ClInclude>
    <ClInclude Include="Application\Draw\Actor\DeadActor.h">
      <Filter>Application\Draw\Actor</Filter>
    </ClInclude>
    <ClInclude Include="Application\Draw\Actor\SlimeActor.h">
      <Filter>Application\Draw\Actor</Filter>
    </ClInclude>
    <ClInclude Include="Engine\Utillity\Input\InputManager.h">
      <Filter>Engine\Util\Input</Filter>
    </ClInclude>
    <ClInclude Include="Engine\Utillity\Input\Keys.h">
      <Filter>Engine\Util\Input</Filter>
    </ClInclude>
    <ClInclude Include="Engine\Utillity\Input\Mouse.h">
      <Filter>Engine\Util\Input</Filter>
    </ClInclude>
    <ClInclude Include="Engine\Utillity\Input\Pad.h">
      <Filter>Engine\Util\Input</Filter>
    </ClInclude>
    <ClInclude Include="Engine\Utillity\FileUtillity.h">
      <Filter>Engine\Util</Filter>
    </ClInclude>
    <ClInclude Include="Engine\Utillity\Math\CalcTransform.h">
      <Filter>Engine\Util\Math\Transform</Filter>
    </ClInclude>
    <ClInclude Include="Engine\Utillity\Math\Matrix4.h">
      <Filter>Engine\Util\Math\Transform</Filter>
    </ClInclude>
    <ClInclude Include="Engine\Utillity\Math\Vector2.h">
      <Filter>Engine\Util\Math\Transform</Filter>
    </ClInclude>
    <ClInclude Include="Engine\Utillity\Math\Vector3.h">
      <Filter>Engine\Util\Math\Transform</Filter>
    </ClInclude>
    <ClInclude Include="Engine\Utillity\Math\Vector4.h">
      <Filter>Engine\Util\Math\Transform</Filter>
    </ClInclude>
    <ClInclude Include="Engine\Utillity\Math\MathUtillity.h">
      <Filter>Engine\Util\Math</Filter>
    </ClInclude>
    <ClInclude Include="Engine\Utillity\Math\Shake.h">
      <Filter>Engine\Util\Math</Filter>
    </ClInclude>
    <ClInclude Include="Engine\Base\YFramework.h">
      <Filter>Engine\Base</Filter>
    </ClInclude>
    <ClInclude Include="Engine\Utillity\Math\Lerp.h">
      <Filter>Engine\Util\Math\Lerp</Filter>
    </ClInclude>
    <ClInclude Include="Engine\Utillity\Math\Power.h">
      <Filter>Engine\Util\Math\Lerp</Filter>
    </ClInclude>
    <ClInclude Include="Engine\Utillity\Math\Timer.h">
      <Filter>Engine\Util\Math\Lerp</Filter>
    </ClInclude>
    <ClInclude Include="Engine\Utillity\Math\CollisionDetection.h">
      <Filter>Engine\Util\Math</Filter>
    </ClInclude>
    <ClInclude Include="Engine\GameUtillity\Collision\CollisionPrimitive.h">
      <Filter>Engine\GameUtil\Collision</Filter>
    </ClInclude>
    <ClInclude Include="Engine\GameUtillity\Collision\BaseCollider.h">
      <Filter>Engine\GameUtil\Collision</Filter>
    </ClInclude>
    <ClInclude Include="Engine\GameUtillity\Collision\PrimitiveCollider.h">
      <Filter>Engine\GameUtil\Collision</Filter>
    </ClInclude>
    <ClInclude Include="Engine\GameUtillity\WorldRuler.h">
      <Filter>Engine\GameUtil</Filter>
    </ClInclude>
    <ClInclude Include="Engine\Utillity\Math\Speed.h">
      <Filter>Engine\Util\Math</Filter>
    </ClInclude>
    <ClInclude Include="Engine\GameUtillity\Camera\ViewProjection.h">
      <Filter>Engine\GameUtil\Camera</Filter>
    </ClInclude>
    <ClInclude Include="MyGame.h">
      <Filter>ヘッダー ファイル</Filter>
    </ClInclude>
    <ClInclude Include="Game\Drawer\GoalDrawer.h">
      <Filter>Game\Drawer\Obj</Filter>
    </ClInclude>
    <ClInclude Include="Game\Drawer\PlayerDrawer.h">
      <Filter>Game\Drawer\Obj</Filter>
    </ClInclude>
    <ClInclude Include="Game\Drawer\HUDConfig.h">
      <Filter>Game\Drawer\UI</Filter>
    </ClInclude>
    <ClInclude Include="Game\Drawer\HUDDrawer.h">
      <Filter>Game\Drawer\UI</Filter>
    </ClInclude>
    <ClInclude Include="Game\Drawer\PauseDrawer.h">
      <Filter>Game\Drawer\UI</Filter>
    </ClInclude>
    <ClInclude Include="Game\Drawer\InputDrawer.h">
      <Filter>Game\Drawer\UI</Filter>
    </ClInclude>
    <ClInclude Include="Game\Drawer\IDrawer.h">
      <Filter>Game\Drawer\Obj\Base</Filter>
    </ClInclude>
    <ClInclude Include="Engine\GameUtillity\Camera\ScrollCamera.h">
      <Filter>Engine\GameUtil\Camera</Filter>
    </ClInclude>
    <ClInclude Include="Engine\GameUtillity\Object\Transform.h">
      <Filter>Engine\GameUtil\Object</Filter>
    </ClInclude>
    <ClInclude Include="Engine\GameUtillity\Object\Mesh.h">
      <Filter>Engine\GameUtil\Object\Model</Filter>
    </ClInclude>
    <ClInclude Include="Engine\GameUtillity\Object\Model.h">
      <Filter>Engine\GameUtil\Object\Model</Filter>
    </ClInclude>
    <ClInclude Include="Engine\GameUtillity\Object\Sprite2D.h">
      <Filter>Engine\GameUtil\Object\Sprite2D</Filter>
    </ClInclude>
    <ClInclude Include="Engine\GameUtillity\Object\Sprite3D.h">
      <Filter>Engine\GameUtil\Object\Sprite3D</Filter>
    </ClInclude>
    <ClInclude Include="Engine\Base\DX\IShaderSet.h">
      <Filter>Engine\Base\Pipeline</Filter>
    </ClInclude>
    <ClInclude Include="Game\Drawer\TitleDrawer.h">
      <Filter>Game\Drawer\Scene</Filter>
    </ClInclude>
    <ClInclude Include="Game\Drawer\SelectDrawer.h">
      <Filter>Game\Drawer\Scene</Filter>
    </ClInclude>
    <ClInclude Include="Application\Scene\DemoScene.h">
      <Filter>Application\Scene</Filter>
    </ClInclude>
    <ClInclude Include="Application\Scene\PlayScene.h">
      <Filter>Application\Scene</Filter>
    </ClInclude>
    <ClInclude Include="Application\Scene\SelectScene.h">
      <Filter>Application\Scene</Filter>
    </ClInclude>
    <ClInclude Include="Application\Scene\TestScene.h">
      <Filter>Application\Scene</Filter>
    </ClInclude>
    <ClInclude Include="Application\Scene\TitleScene.h">
      <Filter>Application\Scene</Filter>
    </ClInclude>
    <ClInclude Include="Application\Scene\YGameSceneFactory.h">
      <Filter>Application\Scene</Filter>
    </ClInclude>
    <ClInclude Include="Engine\Base\Scene\BaseScene.h">
      <Filter>Engine\Base\Scene\Scene</Filter>
    </ClInclude>
    <ClInclude Include="Engine\Base\Scene\ISceneFactory.h">
      <Filter>Engine\Base\Scene\Scene</Filter>
    </ClInclude>
    <ClInclude Include="Engine\Base\Scene\SceneManager.h">
      <Filter>Engine\Base\Scene\Scene</Filter>
    </ClInclude>
    <ClInclude Include="Engine\Base\Scene\TransitionManager.h">
      <Filter>Engine\Base\Scene\Transition</Filter>
    </ClInclude>
    <ClInclude Include="Engine\Base\Scene\ITransitionFactory.h">
      <Filter>Engine\Base\Scene\Transition</Filter>
    </ClInclude>
    <ClInclude Include="Engine\Base\Scene\BaseTransition.h">
      <Filter>Engine\Base\Scene\Transition</Filter>
    </ClInclude>
    <ClInclude Include="Engine\Base\Scene\SceneExecutive.h">
      <Filter>Engine\Base\Scene</Filter>
    </ClInclude>
    <ClInclude Include="Application\Transition\Blackout.h">
      <Filter>Application\Transition</Filter>
    </ClInclude>
    <ClInclude Include="Application\Transition\InfectionBlocks.h">
      <Filter>Application\Transition</Filter>
    </ClInclude>
    <ClInclude Include="Application\Transition\YGameTransitionFactory.h">
      <Filter>Application\Transition</Filter>
    </ClInclude>
    <ClInclude Include="Game\Drawer\TowerDrawer.h">
      <Filter>Game\Drawer\Obj\Ex</Filter>
    </ClInclude>
    <ClInclude Include="Game\Drawer\StageDrawer.h">
      <Filter>Game\Drawer\Obj\Ex</Filter>
    </ClInclude>
    <ClInclude Include="Game\Drawer\CoreColor.h">
      <Filter>Game\Drawer\Obj\Ex</Filter>
    </ClInclude>
    <ClInclude Include="Game\Drawer\CardDrawer.h">
      <Filter>Game\Drawer\Obj\Ex</Filter>
    </ClInclude>
    <ClInclude Include="Game\Drawer\BackgroundDrawer.h">
      <Filter>Game\Drawer\Obj\Ex</Filter>
    </ClInclude>
    <ClInclude Include="Application\Draw\Particle\IParticle.h">
      <Filter>Application\Draw\Particle\Base</Filter>
    </ClInclude>
    <ClInclude Include="Application\Draw\Particle\ParticleManager.h">
      <Filter>Application\Draw\Particle\Base</Filter>
    </ClInclude>
    <ClInclude Include="Application\Draw\Particle\Bubble.h">
      <Filter>Application\Draw\Particle</Filter>
    </ClInclude>
    <ClInclude Include="Application\Draw\Particle\RelayBug.h">
      <Filter>Application\Draw\Particle</Filter>
    </ClInclude>
    <ClInclude Include="Application\Draw\Particle\Smoke.h">
      <Filter>Application\Draw\Particle</Filter>
    </ClInclude>
    <ClInclude Include="Game\Drawer\BlockDrawer.h">
      <Filter>Game\Drawer\Obj</Filter>
    </ClInclude>
    <ClInclude Include="Engine\Utillity\DebugText\ImGuiManager.h">
      <Filter>Engine\Util\DebugText</Filter>
    </ClInclude>
    <ClInclude Include="Engine\GameUtillity\Object\Node.h">
      <Filter>Engine\GameUtil\Object\Model</Filter>
    </ClInclude>
    <ClInclude Include="Engine\GameUtillity\Object\PostEffect.h">
      <Filter>Engine\GameUtil\Object\PostEffect</Filter>
    </ClInclude>
    <ClInclude Include="Engine\GameUtillity\Audio.h">
      <Filter>Engine\GameUtil</Filter>
    </ClInclude>
    <ClInclude Include="Engine\GameUtillity\Texture.h">
      <Filter>Engine\GameUtil</Filter>
    </ClInclude>
    <ClInclude Include="Engine\GameUtillity\Object\CBTexConfig.h">
      <Filter>Engine\GameUtil\Object\CB</Filter>
    </ClInclude>
    <ClInclude Include="Engine\GameUtillity\Object\CBColor.h">
      <Filter>Engine\GameUtil\Object\CB</Filter>
    </ClInclude>
    <ClInclude Include="Engine\GameUtillity\Object\CBMaterial.h">
      <Filter>Engine\GameUtil\Object\CB</Filter>
    </ClInclude>
    <ClInclude Include="Engine\GameUtillity\Object\Light\CBDirectionalLight.h">
      <Filter>Engine\GameUtil\Object\CB\Light</Filter>
    </ClInclude>
    <ClInclude Include="Engine\GameUtillity\Object\Light\CBPointLight.h">
      <Filter>Engine\GameUtil\Object\CB\Light</Filter>
    </ClInclude>
    <ClInclude Include="Engine\GameUtillity\Object\Light\CBSpotLight.h">
      <Filter>Engine\GameUtil\Object\CB\Light</Filter>
    </ClInclude>
    <ClInclude Include="Engine\GameUtillity\Object\Light\CBLightGroup.h">
      <Filter>Engine\GameUtil\Object\CB</Filter>
    </ClInclude>
    <ClInclude Include="Game\Drawer\JunctionDrawer.h">
      <Filter>Game\Drawer\Obj</Filter>
    </ClInclude>
    <ClInclude Include="Game\Drawer\SpringDrawer.h">
      <Filter>Game\Drawer\Obj</Filter>
    </ClInclude>
    <ClInclude Include="Game\Drawer\GateDrawer.h">
      <Filter>Game\Drawer\Obj\Ex</Filter>
    </ClInclude>
    <ClInclude Include="Game\Drawer\KeyDrawer.h">
      <Filter>Game\Drawer\Obj</Filter>
    </ClInclude>
    <ClInclude Include="Game\Drawer\PlatformDrawer.h">
      <Filter>Game\Drawer\Obj</Filter>
    </ClInclude>
    <ClInclude Include="Game\Drawer\LaserDrawer.h">
      <Filter>Game\Drawer\Obj</Filter>
    </ClInclude>
    <ClInclude Include="Game\Drawer\SwitchDrawer.h">
      <Filter>Game\Drawer\Obj</Filter>
    </ClInclude>
    <ClInclude Include="DemoPlayer.h">
      <Filter>Game</Filter>
    </ClInclude>
    <ClInclude Include="DemoGoal.h">
      <Filter>Game</Filter>
    </ClInclude>
    <ClInclude Include="Game\Object\Block.h">
      <Filter>Game\Object</Filter>
    </ClInclude>
    <ClInclude Include="Game\Object\Player.h">
      <Filter>Game\Object</Filter>
    </ClInclude>
    <ClInclude Include="Game\MouseCollider.h">
      <Filter>Game\Collider</Filter>
    </ClInclude>
    <ClInclude Include="Game\Object\Key.h">
      <Filter>Game\Object</Filter>
    </ClInclude>
    <ClInclude Include="Game\Object\Spring.h">
      <Filter>Game\Object</Filter>
    </ClInclude>
    <ClInclude Include="Game\Object\Laser.h">
      <Filter>Game\Object</Filter>
    </ClInclude>
    <ClInclude Include="Game\Object\Switch.h">
      <Filter>Game\Object</Filter>
    </ClInclude>
    <ClInclude Include="Game\Object\Platform.h">
      <Filter>Game\Object</Filter>
    </ClInclude>
    <ClInclude Include="Game\Drawer\DrawerConfig.h">
      <Filter>Game\Drawer</Filter>
    </ClInclude>
    <ClInclude Include="Game\Drawer\DrawerHelper.h">
      <Filter>Game\Drawer</Filter>
    </ClInclude>
    <ClInclude Include="Game\Drawer\SkydomeDrawer.h">
      <Filter>Game\Drawer\Obj</Filter>
    </ClInclude>
    <ClInclude Include="Application\Draw\Drawer\LetterBoxDrawer.h">
      <Filter>Application\Draw\Drawer</Filter>
    </ClInclude>
    <ClInclude Include="Application\Draw\Drawer\UIButtonDrawer.h">
      <Filter>Application\Draw\Drawer</Filter>
    </ClInclude>
    <ClInclude Include="Game\StageConfig.h">
      <Filter>Game</Filter>
    </ClInclude>
    <ClInclude Include="Game\ObjectCollider.h">
      <Filter>Game\Collider</Filter>
	</ClInclude>
    <ClInclude Include="Stage.h">
      <Filter>game</Filter>
    </ClInclude>
    <ClInclude Include="Sign.h">
      <Filter>game</Filter>
    </ClInclude>
    <ClInclude Include="YukiMapchipCollider.h">
      <Filter>game</Filter>
    </ClInclude>
    <ClInclude Include="Application\Draw\Drawer\JunctionDrawer.h">
      <Filter>Application\Draw\Drawer\Obj</Filter>
    </ClInclude>
    <ClInclude Include="Game\ObjectCollisionManager.h">
      <Filter>Game\Collider</Filter>
    </ClInclude>
    <ClInclude Include="Game\Object\Goal.h">
      <Filter>Game\Object</Filter>
    </ClInclude>
    <ClInclude Include="Game\Object\IObject.h">
      <Filter>Game\Object\Base</Filter>
    </ClInclude>
    <ClInclude Include="Game\Object\ObjectManager.h">
      <Filter>Game\Object\Base</Filter>
    </ClInclude>
    <ClInclude Include="Game\Object\LevelData.h">
      <Filter>Game</Filter>
    </ClInclude>
    <ClInclude Include="Engine\GameUtillity\Object\ObjectConfig.h">
      <Filter>Engine\GameUtil\Object</Filter>
    </ClInclude>
    <ClInclude Include="TestPlayer.h">
      <Filter>game</Filter>
    </ClInclude>
  </ItemGroup>
  <ItemGroup>
    <None Include="Resources\Shaders\Sprite3D.hlsli">
      <Filter>Engine\GameUtil\Shader\Sprite3D</Filter>
    </None>
    <None Include="Resources\Shaders\Model.hlsli">
      <Filter>Engine\GameUtil\Shader\Model</Filter>
    </None>
    <None Include="Resources\Shaders\Sprite2D.hlsli">
      <Filter>Engine\GameUtil\Shader\Sprite2D</Filter>
    </None>
    <None Include="Resources\Shaders\PostEffect.hlsli">
      <Filter>Engine\GameUtil\Shader\PostEffect</Filter>
    </None>
    <None Include="Resources\Shaders\Light.hlsli">
      <Filter>Engine\GameUtil\Shader\Model</Filter>
    </None>
  </ItemGroup>
  <ItemGroup>
    <FxCompile Include="Resources\Shaders\Sprite3DGS.hlsl">
      <Filter>Engine\GameUtil\Shader\Sprite3D</Filter>
    </FxCompile>
    <FxCompile Include="Resources\Shaders\Sprite3DPS.hlsl">
      <Filter>Engine\GameUtil\Shader\Sprite3D</Filter>
    </FxCompile>
    <FxCompile Include="Resources\Shaders\Sprite3DVS.hlsl">
      <Filter>Engine\GameUtil\Shader\Sprite3D</Filter>
    </FxCompile>
    <FxCompile Include="Resources\Shaders\ModelPS.hlsl">
      <Filter>Engine\GameUtil\Shader\Model</Filter>
    </FxCompile>
    <FxCompile Include="Resources\Shaders\ModelVS.hlsl">
      <Filter>Engine\GameUtil\Shader\Model</Filter>
    </FxCompile>
    <FxCompile Include="Resources\Shaders\Sprite2DPS.hlsl">
      <Filter>Engine\GameUtil\Shader\Sprite2D</Filter>
    </FxCompile>
    <FxCompile Include="Resources\Shaders\Sprite2DVS.hlsl">
      <Filter>Engine\GameUtil\Shader\Sprite2D</Filter>
    </FxCompile>
    <FxCompile Include="Resources\Shaders\ToonPS.hlsl">
      <Filter>Engine\GameUtil\Shader\Model</Filter>
    </FxCompile>
    <FxCompile Include="Resources\Shaders\ToonVS.hlsl">
      <Filter>Engine\GameUtil\Shader\Model</Filter>
    </FxCompile>
    <FxCompile Include="Resources\Shaders\PhongVS.hlsl">
      <Filter>Engine\GameUtil\Shader\Model</Filter>
    </FxCompile>
    <FxCompile Include="Resources\Shaders\PhongPS.hlsl">
      <Filter>Engine\GameUtil\Shader\Model</Filter>
    </FxCompile>
    <FxCompile Include="Resources\Shaders\PostEffectPS.hlsl">
      <Filter>Engine\GameUtil\Shader\PostEffect</Filter>
    </FxCompile>
    <FxCompile Include="Resources\Shaders\PostEffectVS.hlsl">
      <Filter>Engine\GameUtil\Shader\PostEffect</Filter>
    </FxCompile>
    <FxCompile Include="Resources\Shaders\BloomPS.hlsl">
      <Filter>Engine\GameUtil\Shader\PostEffect</Filter>
    </FxCompile>
    <FxCompile Include="Resources\Shaders\BloomVS.hlsl">
      <Filter>Engine\GameUtil\Shader\PostEffect</Filter>
    </FxCompile>
  </ItemGroup>
</Project>